
Microsoft Visual Studio Solution File, Format Version 12.00
# Visual Studio 2012
Project("{2150E333-8FDC-42A3-9474-1A3956D46DE8}") = "Straaw", "Straaw", "{D4F9AC3D-6886-4F41-AEBA-8E79575ADA9B}"
EndProject
Project("{2150E333-8FDC-42A3-9474-1A3956D46DE8}") = "Framework", "Framework", "{7FA25322-5A73-4FB5-8468-0AEAB28C5353}"
EndProject
Project("{2150E333-8FDC-42A3-9474-1A3956D46DE8}") = "Model", "Model", "{689E9B5B-B27E-4F97-951B-2251F7237E04}"
EndProject
Project("{FAE04EC0-301F-11D3-BF4B-00C04F79EFBC}") = "Straaw.Framework.Model", "..\..\Straaw\Framework\Model\Straaw.Framework.Model\Straaw.Framework.Model.csproj", "{9C400093-6451-4C28-9E28-902FFF27DFB5}"
EndProject
Project("{2150E333-8FDC-42A3-9474-1A3956D46DE8}") = "Application", "Application", "{8E3DD810-77E8-4EF6-A8AD-68C19428DFA9}"
EndProject
Project("{FAE04EC0-301F-11D3-BF4B-00C04F79EFBC}") = "Straaw.Framework.Application", "..\..\Straaw\Framework\Application\Straaw.Framework.Application\Straaw.Framework.Application.csproj", "{86505194-5702-4AB0-9FE3-9D4EB96F697D}"
EndProject
Project("{2150E333-8FDC-42A3-9474-1A3956D46DE8}") = "Ui", "Ui", "{ADB9E3FB-1E19-49BA-B8F8-B2D9BFAF4A7A}"
EndProject
Project("{FAE04EC0-301F-11D3-BF4B-00C04F79EFBC}") = "Straaw.Framework.Ui.Droid", "..\..\Straaw\Framework\Ui\Straaw.Framework.Ui.Droid\Straaw.Framework.Ui.Droid.csproj", "{ED3B9C59-A290-4C22-AF4D-B19A50E6EDA8}"
EndProject
Project("{FAE04EC0-301F-11D3-BF4B-00C04F79EFBC}") = "Straaw.Framework.Ui.Ios", "..\..\Straaw\Framework\Ui\Straaw.Framework.Ui.Ios\Straaw.Framework.Ui.Ios.csproj", "{B3D71F3B-D27E-43DA-8FCD-F1AFBA47745F}"
EndProject
Project("{2150E333-8FDC-42A3-9474-1A3956D46DE8}") = "UiContract", "UiContract", "{5F14ADE6-90C2-40BE-A0E6-F9B5BF7869C2}"
EndProject
Project("{FAE04EC0-301F-11D3-BF4B-00C04F79EFBC}") = "Straaw.Framework.UiContract", "..\..\Straaw\Framework\UiContract\Straaw.Framework.UiContract\Straaw.Framework.UiContract.csproj", "{DD6B1FB0-2B13-4045-9D2A-1C45B50EB3D3}"
EndProject
Project("{2150E333-8FDC-42A3-9474-1A3956D46DE8}") = "Json", "Json", "{E5BB6B62-03FC-44B6-A58A-9937B1EAA4EA}"
EndProject
Project("{FAE04EC0-301F-11D3-BF4B-00C04F79EFBC}") = "System.Json", "..\..\Straaw\Framework\Json\System.Json\System.Json.csproj", "{91613714-4D38-4294-A7DE-DECDC2B86CE1}"
EndProject
Project("{FAE04EC0-301F-11D3-BF4B-00C04F79EFBC}") = "Straaw.Framework.Json", "..\..\Straaw\Framework\Json\Straaw.Framework.Json\Straaw.Framework.Json.csproj", "{21528843-9C88-437E-B2FC-16C80FE0624D}"
EndProject
Project("{2150E333-8FDC-42A3-9474-1A3956D46DE8}") = "Logging", "Logging", "{2546F776-E597-4D59-96F3-C9DB31583537}"
EndProject
Project("{FAE04EC0-301F-11D3-BF4B-00C04F79EFBC}") = "Straaw.Framework.Logging", "..\..\Straaw\Framework\Logging\Straaw.Framework.Logging\Straaw.Framework.Logging.csproj", "{39E28C5C-93EB-4CC9-A30C-3D5095045D3C}"
EndProject
Project("{2150E333-8FDC-42A3-9474-1A3956D46DE8}") = "RestClient", "RestClient", "{1B012432-3B34-444D-B14C-B7ED5795329F}"
EndProject
Project("{FAE04EC0-301F-11D3-BF4B-00C04F79EFBC}") = "Straaw.Framework.RestClient", "..\..\Straaw\Framework\RestClient\Straaw.Framework.RestClient\Straaw.Framework.RestClient.csproj", "{B8EC85FE-3BC8-4F70-9ABF-589D90EEBBE2}"
EndProject
Project("{2150E333-8FDC-42A3-9474-1A3956D46DE8}") = "Sqlite", "Sqlite", "{57479E7A-0D75-4475-A1EA-9E5E3131E21D}"
EndProject
Project("{FAE04EC0-301F-11D3-BF4B-00C04F79EFBC}") = "Straaw.Framework.Sqlite", "..\..\Straaw\Framework\Sqlite\Straaw.Framework.Sqlite\Straaw.Framework.Sqlite.csproj", "{057818D1-6668-456E-BA2F-C63B7D935864}"
EndProject
Project("{FAE04EC0-301F-11D3-BF4B-00C04F79EFBC}") = "Straaw.Framework.Sqlite.Ios", "..\..\Straaw\Framework\Sqlite\Straaw.Framework.Sqlite.Ios\Straaw.Framework.Sqlite.Ios.csproj", "{EF4C3687-1812-4C16-ABAC-C328E2696DAE}"
EndProject
Project("{FAE04EC0-301F-11D3-BF4B-00C04F79EFBC}") = "Straaw.Framework.Sqlite.Droid", "..\..\Straaw\Framework\Sqlite\Straaw.Framework.Sqlite.Droid\Straaw.Framework.Sqlite.Droid.csproj", "{B7F136EA-5E94-4A19-8596-3E9D90AE605F}"
EndProject
Project("{2150E333-8FDC-42A3-9474-1A3956D46DE8}") = "Zelk", "Zelk", "{6A9B18D4-F323-4454-A053-ECC87D6F4E38}"
EndProject
Project("{2150E333-8FDC-42A3-9474-1A3956D46DE8}") = "Clipboard", "Clipboard", "{21AC388D-22BE-4650-87E0-AFCB752B9393}"
EndProject
Project("{2150E333-8FDC-42A3-9474-1A3956D46DE8}") = "Shared", "Shared", "{887DCBFB-3478-45F0-8629-F6F2C655DB99}"
EndProject
Project("{2150E333-8FDC-42A3-9474-1A3956D46DE8}") = "Model", "Model", "{38D3E157-E984-4AC8-AB1C-E6CD28776D03}"
EndProject
Project("{FAE04EC0-301F-11D3-BF4B-00C04F79EFBC}") = "Zelk.Clipboard.Shared.Model", "Shared\Model\Zelk.Clipboard.Shared.Model\Zelk.Clipboard.Shared.Model.csproj", "{AF3DA36A-6C21-449F-8CCD-DA7A6AD327A9}"
EndProject
Project("{2150E333-8FDC-42A3-9474-1A3956D46DE8}") = "Server", "Server", "{5CB7F661-6F8B-4D2D-BFE8-C4EA9E7A7F21}"
EndProject
Project("{2150E333-8FDC-42A3-9474-1A3956D46DE8}") = "Model", "Model", "{2441D01E-9602-4A8F-AF8A-ED3D64011112}"
EndProject
Project("{FAE04EC0-301F-11D3-BF4B-00C04F79EFBC}") = "Zelk.Clipboard.Server.Model", "Server\Model\Zelk.Clipboard.Server.Model\Zelk.Clipboard.Server.Model.csproj", "{BCD330E6-4192-4E1E-A5BF-10E28A086408}"
EndProject
Project("{2150E333-8FDC-42A3-9474-1A3956D46DE8}") = "Service", "Service", "{A53994B8-06E6-452F-86A3-25EDDD167292}"
EndProject
Project("{2150E333-8FDC-42A3-9474-1A3956D46DE8}") = "Process", "Process", "{BF524E75-776A-458C-A723-E10B8364CCBC}"
EndProject
Project("{2150E333-8FDC-42A3-9474-1A3956D46DE8}") = "Storage", "Storage", "{28717D78-C504-4295-A611-6B8726A8B0C4}"
EndProject
Project("{2150E333-8FDC-42A3-9474-1A3956D46DE8}") = "Ui", "Ui", "{641E0069-5426-4ECE-B13D-40D96DD427C2}"
EndProject
Project("{FAE04EC0-301F-11D3-BF4B-00C04F79EFBC}") = "Zelk.Clipboard.Server.Ui.ConsoleApp", "Server\Ui\Zelk.Clipboard.Server.Ui.ConsoleApp\Zelk.Clipboard.Server.Ui.ConsoleApp.csproj", "{4C75B6BC-BEF3-4F84-A168-DA00E22DC641}"
EndProject
Project("{2150E333-8FDC-42A3-9474-1A3956D46DE8}") = "UiContract", "UiContract", "{3DB230ED-2F03-4D74-B4F1-B5373242B86F}"
EndProject
Project("{2150E333-8FDC-42A3-9474-1A3956D46DE8}") = "Application", "Application", "{1B3B50EC-1322-46D0-A5F1-598E9FFEFAE2}"
EndProject
Project("{FAE04EC0-301F-11D3-BF4B-00C04F79EFBC}") = "Zelk.Clipboard.Server.Application", "Server\Application\Zelk.Clipboard.Server.Application\Zelk.Clipboard.Server.Application.csproj", "{B109A670-9A5E-4480-841F-361A059D4087}"
EndProject
Project("{2150E333-8FDC-42A3-9474-1A3956D46DE8}") = "Configuration", "Configuration", "{02B81EE5-2FC0-40D7-82CD-F876D7585DB0}"
EndProject
Project("{FAE04EC0-301F-11D3-BF4B-00C04F79EFBC}") = "Zelk.Clipboard.Server.Configuration", "Server\Configuration\Zelk.Clipboard.Server.Configuration\Zelk.Clipboard.Server.Configuration.csproj", "{E18041E9-052E-4384-81AD-649EDE842D91}"
EndProject
Project("{2150E333-8FDC-42A3-9474-1A3956D46DE8}") = "Client", "Client", "{F657DAC4-EDEA-4BDB-9727-BC99B0E51526}"
EndProject
Project("{2150E333-8FDC-42A3-9474-1A3956D46DE8}") = "Application", "Application", "{20A2DFAD-70F2-491A-8C33-D07FD371A2A8}"
EndProject
Project("{FAE04EC0-301F-11D3-BF4B-00C04F79EFBC}") = "Zelk.Clipboard.Client.Application", "Client\Application\Zelk.Clipboard.Client.Application\Zelk.Clipboard.Client.Application.csproj", "{3A98C9B1-FA9C-444B-83C7-EB73F5653197}"
EndProject
Project("{2150E333-8FDC-42A3-9474-1A3956D46DE8}") = "UiContract", "UiContract", "{AC22C146-4E20-490E-9C14-ED26091FACD8}"
EndProject
Project("{FAE04EC0-301F-11D3-BF4B-00C04F79EFBC}") = "Zelk.Clipboard.Client.UiContract", "Client\UiContract\Zelk.Clipboard.Client.UiContract\Zelk.Clipboard.Client.UiContract.csproj", "{EC5C8DF5-AFD7-4EFB-9CAC-52FCF1E44262}"
EndProject
Project("{2150E333-8FDC-42A3-9474-1A3956D46DE8}") = "Ui", "Ui", "{BA886A65-AB6D-4C59-AB35-72243C88355B}"
EndProject
Project("{2150E333-8FDC-42A3-9474-1A3956D46DE8}") = "Configuration", "Configuration", "{F04075F3-B3C6-477C-A13B-4BB229467C00}"
EndProject
Global
	GlobalSection(SolutionConfigurationPlatforms) = preSolution
		Debug|Any CPU = Debug|Any CPU
		Release|Any CPU = Release|Any CPU
	EndGlobalSection
	GlobalSection(ProjectConfigurationPlatforms) = postSolution
		{057818D1-6668-456E-BA2F-C63B7D935864}.Debug|Any CPU.ActiveCfg = Debug|Any CPU
		{057818D1-6668-456E-BA2F-C63B7D935864}.Debug|Any CPU.Build.0 = Debug|Any CPU
		{057818D1-6668-456E-BA2F-C63B7D935864}.Release|Any CPU.ActiveCfg = Release|Any CPU
		{057818D1-6668-456E-BA2F-C63B7D935864}.Release|Any CPU.Build.0 = Release|Any CPU
		{21528843-9C88-437E-B2FC-16C80FE0624D}.Debug|Any CPU.ActiveCfg = Debug|Any CPU
		{21528843-9C88-437E-B2FC-16C80FE0624D}.Debug|Any CPU.Build.0 = Debug|Any CPU
		{21528843-9C88-437E-B2FC-16C80FE0624D}.Release|Any CPU.ActiveCfg = Release|Any CPU
		{21528843-9C88-437E-B2FC-16C80FE0624D}.Release|Any CPU.Build.0 = Release|Any CPU
		{39E28C5C-93EB-4CC9-A30C-3D5095045D3C}.Debug|Any CPU.ActiveCfg = Debug|Any CPU
		{39E28C5C-93EB-4CC9-A30C-3D5095045D3C}.Debug|Any CPU.Build.0 = Debug|Any CPU
		{39E28C5C-93EB-4CC9-A30C-3D5095045D3C}.Release|Any CPU.ActiveCfg = Release|Any CPU
		{39E28C5C-93EB-4CC9-A30C-3D5095045D3C}.Release|Any CPU.Build.0 = Release|Any CPU
		{3A98C9B1-FA9C-444B-83C7-EB73F5653197}.Debug|Any CPU.ActiveCfg = Debug|Any CPU
		{3A98C9B1-FA9C-444B-83C7-EB73F5653197}.Debug|Any CPU.Build.0 = Debug|Any CPU
		{3A98C9B1-FA9C-444B-83C7-EB73F5653197}.Release|Any CPU.ActiveCfg = Release|Any CPU
		{3A98C9B1-FA9C-444B-83C7-EB73F5653197}.Release|Any CPU.Build.0 = Release|Any CPU
		{4C75B6BC-BEF3-4F84-A168-DA00E22DC641}.Debug|Any CPU.ActiveCfg = Debug|Any CPU
		{4C75B6BC-BEF3-4F84-A168-DA00E22DC641}.Debug|Any CPU.Build.0 = Debug|Any CPU
		{4C75B6BC-BEF3-4F84-A168-DA00E22DC641}.Release|Any CPU.ActiveCfg = Release|Any CPU
		{4C75B6BC-BEF3-4F84-A168-DA00E22DC641}.Release|Any CPU.Build.0 = Release|Any CPU
		{86505194-5702-4AB0-9FE3-9D4EB96F697D}.Debug|Any CPU.ActiveCfg = Debug|Any CPU
		{86505194-5702-4AB0-9FE3-9D4EB96F697D}.Debug|Any CPU.Build.0 = Debug|Any CPU
		{86505194-5702-4AB0-9FE3-9D4EB96F697D}.Release|Any CPU.ActiveCfg = Release|Any CPU
		{86505194-5702-4AB0-9FE3-9D4EB96F697D}.Release|Any CPU.Build.0 = Release|Any CPU
		{91613714-4D38-4294-A7DE-DECDC2B86CE1}.Debug|Any CPU.ActiveCfg = Debug|Any CPU
		{91613714-4D38-4294-A7DE-DECDC2B86CE1}.Debug|Any CPU.Build.0 = Debug|Any CPU
		{91613714-4D38-4294-A7DE-DECDC2B86CE1}.Release|Any CPU.ActiveCfg = Release|Any CPU
		{91613714-4D38-4294-A7DE-DECDC2B86CE1}.Release|Any CPU.Build.0 = Release|Any CPU
		{9C400093-6451-4C28-9E28-902FFF27DFB5}.Debug|Any CPU.ActiveCfg = Debug|Any CPU
		{9C400093-6451-4C28-9E28-902FFF27DFB5}.Debug|Any CPU.Build.0 = Debug|Any CPU
		{9C400093-6451-4C28-9E28-902FFF27DFB5}.Release|Any CPU.ActiveCfg = Release|Any CPU
		{9C400093-6451-4C28-9E28-902FFF27DFB5}.Release|Any CPU.Build.0 = Release|Any CPU
		{AF3DA36A-6C21-449F-8CCD-DA7A6AD327A9}.Debug|Any CPU.ActiveCfg = Debug|Any CPU
		{AF3DA36A-6C21-449F-8CCD-DA7A6AD327A9}.Debug|Any CPU.Build.0 = Debug|Any CPU
		{AF3DA36A-6C21-449F-8CCD-DA7A6AD327A9}.Release|Any CPU.ActiveCfg = Release|Any CPU
		{AF3DA36A-6C21-449F-8CCD-DA7A6AD327A9}.Release|Any CPU.Build.0 = Release|Any CPU
		{B109A670-9A5E-4480-841F-361A059D4087}.Debug|Any CPU.ActiveCfg = Debug|Any CPU
		{B109A670-9A5E-4480-841F-361A059D4087}.Debug|Any CPU.Build.0 = Debug|Any CPU
		{B109A670-9A5E-4480-841F-361A059D4087}.Release|Any CPU.ActiveCfg = Release|Any CPU
		{B109A670-9A5E-4480-841F-361A059D4087}.Release|Any CPU.Build.0 = Release|Any CPU
		{B3D71F3B-D27E-43DA-8FCD-F1AFBA47745F}.Debug|Any CPU.ActiveCfg = Debug|Any CPU
		{B3D71F3B-D27E-43DA-8FCD-F1AFBA47745F}.Debug|Any CPU.Build.0 = Debug|Any CPU
		{B3D71F3B-D27E-43DA-8FCD-F1AFBA47745F}.Release|Any CPU.ActiveCfg = Release|Any CPU
		{B3D71F3B-D27E-43DA-8FCD-F1AFBA47745F}.Release|Any CPU.Build.0 = Release|Any CPU
		{B7F136EA-5E94-4A19-8596-3E9D90AE605F}.Debug|Any CPU.ActiveCfg = Debug|Any CPU
		{B7F136EA-5E94-4A19-8596-3E9D90AE605F}.Debug|Any CPU.Build.0 = Debug|Any CPU
		{B7F136EA-5E94-4A19-8596-3E9D90AE605F}.Release|Any CPU.ActiveCfg = Release|Any CPU
		{B7F136EA-5E94-4A19-8596-3E9D90AE605F}.Release|Any CPU.Build.0 = Release|Any CPU
		{B8EC85FE-3BC8-4F70-9ABF-589D90EEBBE2}.Debug|Any CPU.ActiveCfg = Debug|Any CPU
		{B8EC85FE-3BC8-4F70-9ABF-589D90EEBBE2}.Debug|Any CPU.Build.0 = Debug|Any CPU
		{B8EC85FE-3BC8-4F70-9ABF-589D90EEBBE2}.Release|Any CPU.ActiveCfg = Release|Any CPU
		{B8EC85FE-3BC8-4F70-9ABF-589D90EEBBE2}.Release|Any CPU.Build.0 = Release|Any CPU
		{BCD330E6-4192-4E1E-A5BF-10E28A086408}.Debug|Any CPU.ActiveCfg = Debug|Any CPU
		{BCD330E6-4192-4E1E-A5BF-10E28A086408}.Debug|Any CPU.Build.0 = Debug|Any CPU
		{BCD330E6-4192-4E1E-A5BF-10E28A086408}.Release|Any CPU.ActiveCfg = Release|Any CPU
		{BCD330E6-4192-4E1E-A5BF-10E28A086408}.Release|Any CPU.Build.0 = Release|Any CPU
		{DD6B1FB0-2B13-4045-9D2A-1C45B50EB3D3}.Debug|Any CPU.ActiveCfg = Debug|Any CPU
		{DD6B1FB0-2B13-4045-9D2A-1C45B50EB3D3}.Debug|Any CPU.Build.0 = Debug|Any CPU
		{DD6B1FB0-2B13-4045-9D2A-1C45B50EB3D3}.Release|Any CPU.ActiveCfg = Release|Any CPU
		{DD6B1FB0-2B13-4045-9D2A-1C45B50EB3D3}.Release|Any CPU.Build.0 = Release|Any CPU
		{E18041E9-052E-4384-81AD-649EDE842D91}.Debug|Any CPU.ActiveCfg = Debug|Any CPU
		{E18041E9-052E-4384-81AD-649EDE842D91}.Debug|Any CPU.Build.0 = Debug|Any CPU
		{E18041E9-052E-4384-81AD-649EDE842D91}.Release|Any CPU.ActiveCfg = Release|Any CPU
		{E18041E9-052E-4384-81AD-649EDE842D91}.Release|Any CPU.Build.0 = Release|Any CPU
		{EC5C8DF5-AFD7-4EFB-9CAC-52FCF1E44262}.Debug|Any CPU.ActiveCfg = Debug|Any CPU
		{EC5C8DF5-AFD7-4EFB-9CAC-52FCF1E44262}.Debug|Any CPU.Build.0 = Debug|Any CPU
		{EC5C8DF5-AFD7-4EFB-9CAC-52FCF1E44262}.Release|Any CPU.ActiveCfg = Release|Any CPU
		{EC5C8DF5-AFD7-4EFB-9CAC-52FCF1E44262}.Release|Any CPU.Build.0 = Release|Any CPU
		{ED3B9C59-A290-4C22-AF4D-B19A50E6EDA8}.Debug|Any CPU.ActiveCfg = Debug|Any CPU
		{ED3B9C59-A290-4C22-AF4D-B19A50E6EDA8}.Debug|Any CPU.Build.0 = Debug|Any CPU
		{ED3B9C59-A290-4C22-AF4D-B19A50E6EDA8}.Release|Any CPU.ActiveCfg = Release|Any CPU
		{ED3B9C59-A290-4C22-AF4D-B19A50E6EDA8}.Release|Any CPU.Build.0 = Release|Any CPU
		{EF4C3687-1812-4C16-ABAC-C328E2696DAE}.Debug|Any CPU.ActiveCfg = Debug|Any CPU
		{EF4C3687-1812-4C16-ABAC-C328E2696DAE}.Debug|Any CPU.Build.0 = Debug|Any CPU
		{EF4C3687-1812-4C16-ABAC-C328E2696DAE}.Release|Any CPU.ActiveCfg = Release|Any CPU
		{EF4C3687-1812-4C16-ABAC-C328E2696DAE}.Release|Any CPU.Build.0 = Release|Any CPU
	EndGlobalSection
	GlobalSection(NestedProjects) = preSolution
		{7FA25322-5A73-4FB5-8468-0AEAB28C5353} = {D4F9AC3D-6886-4F41-AEBA-8E79575ADA9B}
		{689E9B5B-B27E-4F97-951B-2251F7237E04} = {7FA25322-5A73-4FB5-8468-0AEAB28C5353}
		{8E3DD810-77E8-4EF6-A8AD-68C19428DFA9} = {7FA25322-5A73-4FB5-8468-0AEAB28C5353}
		{ADB9E3FB-1E19-49BA-B8F8-B2D9BFAF4A7A} = {7FA25322-5A73-4FB5-8468-0AEAB28C5353}
		{5F14ADE6-90C2-40BE-A0E6-F9B5BF7869C2} = {7FA25322-5A73-4FB5-8468-0AEAB28C5353}
		{E5BB6B62-03FC-44B6-A58A-9937B1EAA4EA} = {7FA25322-5A73-4FB5-8468-0AEAB28C5353}
		{2546F776-E597-4D59-96F3-C9DB31583537} = {7FA25322-5A73-4FB5-8468-0AEAB28C5353}
		{1B012432-3B34-444D-B14C-B7ED5795329F} = {7FA25322-5A73-4FB5-8468-0AEAB28C5353}
		{57479E7A-0D75-4475-A1EA-9E5E3131E21D} = {7FA25322-5A73-4FB5-8468-0AEAB28C5353}
		{9C400093-6451-4C28-9E28-902FFF27DFB5} = {689E9B5B-B27E-4F97-951B-2251F7237E04}
		{86505194-5702-4AB0-9FE3-9D4EB96F697D} = {8E3DD810-77E8-4EF6-A8AD-68C19428DFA9}
		{ED3B9C59-A290-4C22-AF4D-B19A50E6EDA8} = {ADB9E3FB-1E19-49BA-B8F8-B2D9BFAF4A7A}
		{B3D71F3B-D27E-43DA-8FCD-F1AFBA47745F} = {ADB9E3FB-1E19-49BA-B8F8-B2D9BFAF4A7A}
		{DD6B1FB0-2B13-4045-9D2A-1C45B50EB3D3} = {5F14ADE6-90C2-40BE-A0E6-F9B5BF7869C2}
		{91613714-4D38-4294-A7DE-DECDC2B86CE1} = {E5BB6B62-03FC-44B6-A58A-9937B1EAA4EA}
		{21528843-9C88-437E-B2FC-16C80FE0624D} = {E5BB6B62-03FC-44B6-A58A-9937B1EAA4EA}
		{39E28C5C-93EB-4CC9-A30C-3D5095045D3C} = {2546F776-E597-4D59-96F3-C9DB31583537}
		{B8EC85FE-3BC8-4F70-9ABF-589D90EEBBE2} = {1B012432-3B34-444D-B14C-B7ED5795329F}
		{057818D1-6668-456E-BA2F-C63B7D935864} = {57479E7A-0D75-4475-A1EA-9E5E3131E21D}
		{EF4C3687-1812-4C16-ABAC-C328E2696DAE} = {57479E7A-0D75-4475-A1EA-9E5E3131E21D}
		{B7F136EA-5E94-4A19-8596-3E9D90AE605F} = {57479E7A-0D75-4475-A1EA-9E5E3131E21D}
		{21AC388D-22BE-4650-87E0-AFCB752B9393} = {6A9B18D4-F323-4454-A053-ECC87D6F4E38}
		{887DCBFB-3478-45F0-8629-F6F2C655DB99} = {21AC388D-22BE-4650-87E0-AFCB752B9393}
		{5CB7F661-6F8B-4D2D-BFE8-C4EA9E7A7F21} = {21AC388D-22BE-4650-87E0-AFCB752B9393}
		{F657DAC4-EDEA-4BDB-9727-BC99B0E51526} = {21AC388D-22BE-4650-87E0-AFCB752B9393}
		{38D3E157-E984-4AC8-AB1C-E6CD28776D03} = {887DCBFB-3478-45F0-8629-F6F2C655DB99}
		{AF3DA36A-6C21-449F-8CCD-DA7A6AD327A9} = {38D3E157-E984-4AC8-AB1C-E6CD28776D03}
		{2441D01E-9602-4A8F-AF8A-ED3D64011112} = {5CB7F661-6F8B-4D2D-BFE8-C4EA9E7A7F21}
		{A53994B8-06E6-452F-86A3-25EDDD167292} = {5CB7F661-6F8B-4D2D-BFE8-C4EA9E7A7F21}
		{BF524E75-776A-458C-A723-E10B8364CCBC} = {5CB7F661-6F8B-4D2D-BFE8-C4EA9E7A7F21}
		{28717D78-C504-4295-A611-6B8726A8B0C4} = {5CB7F661-6F8B-4D2D-BFE8-C4EA9E7A7F21}
		{641E0069-5426-4ECE-B13D-40D96DD427C2} = {5CB7F661-6F8B-4D2D-BFE8-C4EA9E7A7F21}
		{3DB230ED-2F03-4D74-B4F1-B5373242B86F} = {5CB7F661-6F8B-4D2D-BFE8-C4EA9E7A7F21}
		{1B3B50EC-1322-46D0-A5F1-598E9FFEFAE2} = {5CB7F661-6F8B-4D2D-BFE8-C4EA9E7A7F21}
		{02B81EE5-2FC0-40D7-82CD-F876D7585DB0} = {5CB7F661-6F8B-4D2D-BFE8-C4EA9E7A7F21}
		{BCD330E6-4192-4E1E-A5BF-10E28A086408} = {2441D01E-9602-4A8F-AF8A-ED3D64011112}
		{4C75B6BC-BEF3-4F84-A168-DA00E22DC641} = {641E0069-5426-4ECE-B13D-40D96DD427C2}
		{B109A670-9A5E-4480-841F-361A059D4087} = {1B3B50EC-1322-46D0-A5F1-598E9FFEFAE2}
		{E18041E9-052E-4384-81AD-649EDE842D91} = {02B81EE5-2FC0-40D7-82CD-F876D7585DB0}
		{20A2DFAD-70F2-491A-8C33-D07FD371A2A8} = {F657DAC4-EDEA-4BDB-9727-BC99B0E51526}
		{AC22C146-4E20-490E-9C14-ED26091FACD8} = {F657DAC4-EDEA-4BDB-9727-BC99B0E51526}
		{BA886A65-AB6D-4C59-AB35-72243C88355B} = {F657DAC4-EDEA-4BDB-9727-BC99B0E51526}
		{F04075F3-B3C6-477C-A13B-4BB229467C00} = {F657DAC4-EDEA-4BDB-9727-BC99B0E51526}
		{3A98C9B1-FA9C-444B-83C7-EB73F5653197} = {20A2DFAD-70F2-491A-8C33-D07FD371A2A8}
		{EC5C8DF5-AFD7-4EFB-9CAC-52FCF1E44262} = {AC22C146-4E20-490E-9C14-ED26091FACD8}
	EndGlobalSection
	GlobalSection(MonoDevelopProperties) = preSolution
		StartupItem = Server\Ui\Zelk.Clipboard.Server.Ui.ConsoleApp\Zelk.Clipboard.Server.Ui.ConsoleApp.csproj
		Policies = $0
		$0.DotNetNamingPolicy = $1
		$1.DirectoryNamespaceAssociation = None
		$1.ResourceNamePolicy = FileFormatDefault
		$0.VersionControlPolicy = $2
		$2.inheritsSet = Mono
	EndGlobalSection
EndGlobal
